
Microsoft Visual Studio Solution File, Format Version 12.00
# Visual Studio Version 17
VisualStudioVersion = 17.9.34616.47
MinimumVisualStudioVersion = 10.0.40219.1
Project("{FAE04EC0-301F-11D3-BF4B-00C04F79EFBC}") = "MyWordFormatting", "MyWordFormatting\MyWordFormatting.csproj", "{DADFAB6B-C6AD-4F69-A602-1EF1E282A832}"
EndProject
Global
	GlobalSection(SolutionConfigurationPlatforms) = preSolution
		Debug|Any CPU = Debug|Any CPU
		Release|Any CPU = Release|Any CPU
	EndGlobalSection
	GlobalSection(ProjectConfigurationPlatforms) = postSolution
		{DADFAB6B-C6AD-4F69-A602-1EF1E282A832}.Debug|Any CPU.ActiveCfg = Debug|Any CPU
		{DADFAB6B-C6AD-4F69-A602-1EF1E282A832}.Debug|Any CPU.Build.0 = Debug|Any CPU
		{DADFAB6B-C6AD-4F69-A602-1EF1E282A832}.Release|Any CPU.ActiveCfg = Release|Any CPU
		{DADFAB6B-C6AD-4F69-A602-1EF1E282A832}.Release|Any CPU.Build.0 = Release|Any CPU
	EndGlobalSection
	GlobalSection(SolutionProperties) = preSolution
		HideSolutionNode = FALSE
	EndGlobalSection
	GlobalSection(ExtensibilityGlobals) = postSolution
		SolutionGuid = {1967171A-A9AC-40BE-AC56-D04F36B1AE98}
	EndGlobalSection
EndGlobal
